github.com/google/shlex v0.0.0-20191202100458-e7afc7fbc510 h1:El6M4kTTCOh6aBiKaUGG7oYTSPP8MxqL4YI3kZKwcP4=
github.com/google/shlex v0.0.0-20191202100458-e7afc7fbc510/go.mod h1:pupxD2MaaD3pAXIBCelhxNneeOaAeabZDe5s4K6zSpQ=
github.com/haya14busa/go-checkstyle v0.0.0-20170303121022-5e9d09f51fa1/go.mod h1:RsN5RGgVYeXpcXNtWyztD5VIe7VNSEqpJvF2iEH7QvI=
github.com/haya14busa/go-sarif v0.0.0-20210102043135-e2c5fed2fa3d/go.mod h1:1Hkn3JseGMB/hv1ywzkapVQDWV3bFgp6POZobZmR/5g=
github.com/reviewdog/errorformat v0.0.0-20210223072252-e024dee5faea h1:aV7JMDq+w7z0NPEa5OcHSJ/0Ac0Qbmpssq8eHkcrJh8=
github.com/reviewdog/errorformat v0.0.0-20210223072252-e024dee5faea/go.mod h1:AqhrP0G7F9YRROF10JQwdd4cNO8bdm6bY6KzcOc3Cp8=
