github.com/haya14busa/go-checkstyle v0.0.0-20170303121022-5e9d09f51fa1/go.mod h1:RsN5RGgVYeXpcXNtWyztD5VIe7VNSEqpJvF2iEH7QvI=
github.com/haya14busa/go-sarif v0.0.0-20210102043135-e2c5fed2fa3d/go.mod h1:1Hkn3JseGMB/hv1ywzkapVQDWV3bFgp6POZobZmR/5g=
github.com/reviewdog/errorformat v0.0.0-20210108094505-14ca1bbbde27 h1:nlvpAEMVoUt/tHJ/xy2y3ft9nWRR6f4/BqA78Lvnues=
github.com/reviewdog/errorformat v0.0.0-20210108094505-14ca1bbbde27/go.mod h1:AqhrP0G7F9YRROF10JQwdd4cNO8bdm6bY6KzcOc3Cp8=
